
Microsoft Visual Studio Solution File, Format Version 12.00
# Visual Studio Version 17
VisualStudioVersion = 17.5.33516.290
MinimumVisualStudioVersion = 10.0.40219.1
Project("{FAE04EC0-301F-11D3-BF4B-00C04F79EFBC}") = "TP-grupoA-Cine", "TP-grupoA-Cine.csproj", "{11702990-8794-428E-ABE6-98669875C812}"
EndProject
Global
	GlobalSection(SolutionConfigurationPlatforms) = preSolution
		Debug|Any CPU = Debug|Any CPU
		Release|Any CPU = Release|Any CPU
	EndGlobalSection
	GlobalSection(ProjectConfigurationPlatforms) = postSolution
		{11702990-8794-428E-ABE6-98669875C812}.Debug|Any CPU.ActiveCfg = Debug|Any CPU
		{11702990-8794-428E-ABE6-98669875C812}.Debug|Any CPU.Build.0 = Debug|Any CPU
		{11702990-8794-428E-ABE6-98669875C812}.Release|Any CPU.ActiveCfg = Release|Any CPU
		{11702990-8794-428E-ABE6-98669875C812}.Release|Any CPU.Build.0 = Release|Any CPU
	EndGlobalSection
	GlobalSection(SolutionProperties) = preSolution
		HideSolutionNode = FALSE
	EndGlobalSection
	GlobalSection(ExtensibilityGlobals) = postSolution
		SolutionGuid = {86ACAD44-B2EF-42AA-BE25-7D4857AC91A0}
	EndGlobalSection
EndGlobal
